
Microsoft Visual Studio Solution File, Format Version 12.00
# Visual Studio Version 16
VisualStudioVersion = 16.0.31205.134
MinimumVisualStudioVersion = 10.0.40219.1
Project("{FAE04EC0-301F-11D3-BF4B-00C04F79EFBC}") = "LINQ ToLookup", "LINQ ToLookup.csproj", "{98A16A63-4633-4AB1-8458-6D9613DB297E}"
EndProject
Global
	GlobalSection(SolutionConfigurationPlatforms) = preSolution
		Debug|Any CPU = Debug|Any CPU
		Release|Any CPU = Release|Any CPU
	EndGlobalSection
	GlobalSection(ProjectConfigurationPlatforms) = postSolution
		{98A16A63-4633-4AB1-8458-6D9613DB297E}.Debug|Any CPU.ActiveCfg = Debug|Any CPU
		{98A16A63-4633-4AB1-8458-6D9613DB297E}.Debug|Any CPU.Build.0 = Debug|Any CPU
		{98A16A63-4633-4AB1-8458-6D9613DB297E}.Release|Any CPU.ActiveCfg = Release|Any CPU
		{98A16A63-4633-4AB1-8458-6D9613DB297E}.Release|Any CPU.Build.0 = Release|Any CPU
	EndGlobalSection
	GlobalSection(SolutionProperties) = preSolution
		HideSolutionNode = FALSE
	EndGlobalSection
	GlobalSection(ExtensibilityGlobals) = postSolution
		SolutionGuid = {7F495075-EEEA-4180-B61F-CC3E4BA7086A}
	EndGlobalSection
EndGlobal
